// !$*UTF8*$!
{
	archiveVersion = 1;
	classes = {
	};
	objectVersion = 55;
	objects = {

/* Begin PBXBuildFile section */
		EE7D798C277854BB007457AA /* GitHubReposViewerApp.swift in Sources */ = {isa = PBXBuildFile; fileRef = EE7D798B277854BB007457AA /* GitHubReposViewerApp.swift */; };
		EE7D798E277854BB007457AA /* ContentView.swift in Sources */ = {isa = PBXBuildFile; fileRef = EE7D798D277854BB007457AA /* ContentView.swift */; };
		EE7D7990277854BF007457AA /* Assets.xcassets in Resources */ = {isa = PBXBuildFile; fileRef = EE7D798F277854BF007457AA /* Assets.xcassets */; };
		EE7D7993277854BF007457AA /* Preview Assets.xcassets in Resources */ = {isa = PBXBuildFile; fileRef = EE7D7992277854BF007457AA /* Preview Assets.xcassets */; };
		EE7D799C27785511007457AA /* LoginView.swift in Sources */ = {isa = PBXBuildFile; fileRef = EE7D799B27785511007457AA /* LoginView.swift */; };
		EE7D799E2778567F007457AA /* GitHubLoginButton.swift in Sources */ = {isa = PBXBuildFile; fileRef = EE7D799D2778567F007457AA /* GitHubLoginButton.swift */; };
		EE7D79A2277859AA007457AA /* WebAuthenticationPresentationModifier.swift in Sources */ = {isa = PBXBuildFile; fileRef = EE7D79A1277859AA007457AA /* WebAuthenticationPresentationModifier.swift */; };
		EE7D79A4277859B0007457AA /* WebAuthenticationPresenter.swift in Sources */ = {isa = PBXBuildFile; fileRef = EE7D79A3277859B0007457AA /* WebAuthenticationPresenter.swift */; };
		EE7D79A6277859B6007457AA /* WebAuthenticationSession.swift in Sources */ = {isa = PBXBuildFile; fileRef = EE7D79A5277859B6007457AA /* WebAuthenticationSession.swift */; };
		EE7D79A827785E90007457AA /* WebAuthenticationExtensions.swift in Sources */ = {isa = PBXBuildFile; fileRef = EE7D79A727785E90007457AA /* WebAuthenticationExtensions.swift */; };
/* End PBXBuildFile section */

/* Begin PBXFileReference section */
		EE7D7988277854BB007457AA /* GitHubReposViewer.app */ = {isa = PBXFileReference; explicitFileType = wrapper.application; includeInIndex = 0; path = GitHubReposViewer.app; sourceTree = BUILT_PRODUCTS_DIR; };
		EE7D798B277854BB007457AA /* GitHubReposViewerApp.swift */ = {isa = PBXFileReference; lastKnownFileType = sourcecode.swift; path = GitHubReposViewerApp.swift; sourceTree = "<group>"; };
		EE7D798D277854BB007457AA /* ContentView.swift */ = {isa = PBXFileReference; lastKnownFileType = sourcecode.swift; path = ContentView.swift; sourceTree = "<group>"; };
		EE7D798F277854BF007457AA /* Assets.xcassets */ = {isa = PBXFileReference; lastKnownFileType = folder.assetcatalog; path = Assets.xcassets; sourceTree = "<group>"; };
		EE7D7992277854BF007457AA /* Preview Assets.xcassets */ = {isa = PBXFileReference; lastKnownFileType = folder.assetcatalog; path = "Preview Assets.xcassets"; sourceTree = "<group>"; };
		EE7D799B27785511007457AA /* LoginView.swift */ = {isa = PBXFileReference; lastKnownFileType = sourcecode.swift; path = LoginView.swift; sourceTree = "<group>"; };
		EE7D799D2778567F007457AA /* GitHubLoginButton.swift */ = {isa = PBXFileReference; lastKnownFileType = sourcecode.swift; path = GitHubLoginButton.swift; sourceTree = "<group>"; };
		EE7D79A1277859AA007457AA /* WebAuthenticationPresentationModifier.swift */ = {isa = PBXFileReference; fileEncoding = 4; lastKnownFileType = sourcecode.swift; path = WebAuthenticationPresentationModifier.swift; sourceTree = "<group>"; };
		EE7D79A3277859B0007457AA /* WebAuthenticationPresenter.swift */ = {isa = PBXFileReference; fileEncoding = 4; lastKnownFileType = sourcecode.swift; path = WebAuthenticationPresenter.swift; sourceTree = "<group>"; };
		EE7D79A5277859B6007457AA /* WebAuthenticationSession.swift */ = {isa = PBXFileReference; fileEncoding = 4; lastKnownFileType = sourcecode.swift; path = WebAuthenticationSession.swift; sourceTree = "<group>"; };
		EE7D79A727785E90007457AA /* WebAuthenticationExtensions.swift */ = {isa = PBXFileReference; lastKnownFileType = sourcecode.swift; path = WebAuthenticationExtensions.swift; sourceTree = "<group>"; };
		EE7D79A9277873E3007457AA /* Info.plist */ = {isa = PBXFileReference; lastKnownFileType = text.plist; path = Info.plist; sourceTree = "<group>"; };
/* End PBXFileReference section */

/* Begin PBXFrameworksBuildPhase section */
		EE7D7985277854BB007457AA /* Frameworks */ = {
			isa = PBXFrameworksBuildPhase;
			buildActionMask = 2147483647;
			files = (
			);
			runOnlyForDeploymentPostprocessing = 0;
		};
/* End PBXFrameworksBuildPhase section */

/* Begin PBXGroup section */
		EE7D797F277854BB007457AA = {
			isa = PBXGroup;
			children = (
				EE7D798A277854BB007457AA /* GitHubReposViewer */,
				EE7D7989277854BB007457AA /* Products */,
			);
			sourceTree = "<group>";
		};
		EE7D7989277854BB007457AA /* Products */ = {
			isa = PBXGroup;
			children = (
				EE7D7988277854BB007457AA /* GitHubReposViewer.app */,
			);
			name = Products;
			sourceTree = "<group>";
		};
		EE7D798A277854BB007457AA /* GitHubReposViewer */ = {
			isa = PBXGroup;
			children = (
				EE7D79A9277873E3007457AA /* Info.plist */,
				EE7D799F27785933007457AA /* Utilities */,
				EE7D7999277854F8007457AA /* Scenes */,
				EE7D798B277854BB007457AA /* GitHubReposViewerApp.swift */,
				EE7D798D277854BB007457AA /* ContentView.swift */,
				EE7D798F277854BF007457AA /* Assets.xcassets */,
				EE7D7991277854BF007457AA /* Preview Content */,
			);
			path = GitHubReposViewer;
			sourceTree = "<group>";
		};
		EE7D7991277854BF007457AA /* Preview Content */ = {
			isa = PBXGroup;
			children = (
				EE7D7992277854BF007457AA /* Preview Assets.xcassets */,
			);
			path = "Preview Content";
			sourceTree = "<group>";
		};
		EE7D7999277854F8007457AA /* Scenes */ = {
			isa = PBXGroup;
			children = (
				EE7D799A277854FF007457AA /* Login */,
			);
			path = Scenes;
			sourceTree = "<group>";
		};
		EE7D799A277854FF007457AA /* Login */ = {
			isa = PBXGroup;
			children = (
				EE7D799B27785511007457AA /* LoginView.swift */,
				EE7D799D2778567F007457AA /* GitHubLoginButton.swift */,
			);
			path = Login;
			sourceTree = "<group>";
		};
		EE7D799F27785933007457AA /* Utilities */ = {
			isa = PBXGroup;
			children = (
				EE7D79A02778598E007457AA /* WebAuthontication */,
			);
			path = Utilities;
			sourceTree = "<group>";
		};
		EE7D79A02778598E007457AA /* WebAuthontication */ = {
			isa = PBXGroup;
			children = (
				EE7D79A5277859B6007457AA /* WebAuthenticationSession.swift */,
				EE7D79A3277859B0007457AA /* WebAuthenticationPresenter.swift */,
				EE7D79A1277859AA007457AA /* WebAuthenticationPresentationModifier.swift */,
				EE7D79A727785E90007457AA /* WebAuthenticationExtensions.swift */,
			);
			path = WebAuthontication;
			sourceTree = "<group>";
		};
/* End PBXGroup section */

/* Begin PBXNativeTarget section */
		EE7D7987277854BB007457AA /* GitHubReposViewer */ = {
			isa = PBXNativeTarget;
			buildConfigurationList = EE7D7996277854BF007457AA /* Build configuration list for PBXNativeTarget "GitHubReposViewer" */;
			buildPhases = (
				EE7D7984277854BB007457AA /* Sources */,
				EE7D7985277854BB007457AA /* Frameworks */,
				EE7D7986277854BB007457AA /* Resources */,
			);
			buildRules = (
			);
			dependencies = (
			);
			name = GitHubReposViewer;
			productName = GitHubReposViewer;
			productReference = EE7D7988277854BB007457AA /* GitHubReposViewer.app */;
			productType = "com.apple.product-type.application";
		};
/* End PBXNativeTarget section */

/* Begin PBXProject section */
		EE7D7980277854BB007457AA /* Project object */ = {
			isa = PBXProject;
			attributes = {
				BuildIndependentTargetsInParallel = 1;
				LastSwiftUpdateCheck = 1300;
				LastUpgradeCheck = 1300;
				TargetAttributes = {
					EE7D7987277854BB007457AA = {
						CreatedOnToolsVersion = 13.0;
					};
				};
			};
			buildConfigurationList = EE7D7983277854BB007457AA /* Build configuration list for PBXProject "GitHubReposViewer" */;
			compatibilityVersion = "Xcode 13.0";
			developmentRegion = en;
			hasScannedForEncodings = 0;
			knownRegions = (
				en,
				Base,
			);
			mainGroup = EE7D797F277854BB007457AA;
			productRefGroup = EE7D7989277854BB007457AA /* Products */;
			projectDirPath = "";
			projectRoot = "";
			targets = (
				EE7D7987277854BB007457AA /* GitHubReposViewer */,
			);
		};
/* End PBXProject section */

/* Begin PBXResourcesBuildPhase section */
		EE7D7986277854BB007457AA /* Resources */ = {
			isa = PBXResourcesBuildPhase;
			buildActionMask = 2147483647;
			files = (
				EE7D7993277854BF007457AA /* Preview Assets.xcassets in Resources */,
				EE7D7990277854BF007457AA /* Assets.xcassets in Resources */,
			);
			runOnlyForDeploymentPostprocessing = 0;
		};
/* End PBXResourcesBuildPhase section */

/* Begin PBXSourcesBuildPhase section */
		EE7D7984277854BB007457AA /* Sources */ = {
			isa = PBXSourcesBuildPhase;
			buildActionMask = 2147483647;
			files = (
				EE7D799C27785511007457AA /* LoginView.swift in Sources */,
				EE7D798E277854BB007457AA /* ContentView.swift in Sources */,
				EE7D79A2277859AA007457AA /* WebAuthenticationPresentationModifier.swift in Sources */,
				EE7D799E2778567F007457AA /* GitHubLoginButton.swift in Sources */,
				EE7D79A4277859B0007457AA /* WebAuthenticationPresenter.swift in Sources */,
				EE7D798C277854BB007457AA /* GitHubReposViewerApp.swift in Sources */,
				EE7D79A827785E90007457AA /* WebAuthenticationExtensions.swift in Sources */,
				EE7D79A6277859B6007457AA /* WebAuthenticationSession.swift in Sources */,
			);
			runOnlyForDeploymentPostprocessing = 0;
		};
/* End PBXSourcesBuildPhase section */

/* Begin XCBuildConfiguration section */
		EE7D7994277854BF007457AA /* Debug */ = {
			isa = XCBuildConfiguration;
			buildSettings = {
				ALWAYS_SEARCH_USER_PATHS = NO;
				CLANG_ANALYZER_NONNULL = YES;
				CLANG_ANALYZER_NUMBER_OBJECT_CONVERSION = YES_AGGRESSIVE;
				CLANG_CXX_LANGUAGE_STANDARD = "gnu++17";
				CLANG_CXX_LIBRARY = "libc++";
				CLANG_ENABLE_MODULES = YES;
				CLANG_ENABLE_OBJC_ARC = YES;
				CLANG_ENABLE_OBJC_WEAK = YES;
				CLANG_WARN_BLOCK_CAPTURE_AUTORELEASING = YES;
				CLANG_WARN_BOOL_CONVERSION = YES;
				CLANG_WARN_COMMA = YES;
				CLANG_WARN_CONSTANT_CONVERSION = YES;
				CLANG_WARN_DEPRECATED_OBJC_IMPLEMENTATIONS = YES;
				CLANG_WARN_DIRECT_OBJC_ISA_USAGE = YES_ERROR;
				CLANG_WARN_DOCUMENTATION_COMMENTS = YES;
				CLANG_WARN_EMPTY_BODY = YES;
				CLANG_WARN_ENUM_CONVERSION = YES;
				CLANG_WARN_INFINITE_RECURSION = YES;
				CLANG_WARN_INT_CONVERSION = YES;
				CLANG_WARN_NON_LITERAL_NULL_CONVERSION = YES;
				CLANG_WARN_OBJC_IMPLICIT_RETAIN_SELF = YES;
				CLANG_WARN_OBJC_LITERAL_CONVERSION = YES;
				CLANG_WARN_OBJC_ROOT_CLASS = YES_ERROR;
				CLANG_WARN_QUOTED_INCLUDE_IN_FRAMEWORK_HEADER = YES;
				CLANG_WARN_RANGE_LOOP_ANALYSIS = YES;
				CLANG_WARN_STRICT_PROTOTYPES = YES;
				CLANG_WARN_SUSPICIOUS_MOVE = YES;
				CLANG_WARN_UNGUARDED_AVAILABILITY = YES_AGGRESSIVE;
				CLANG_WARN_UNREACHABLE_CODE = YES;
				CLANG_WARN__DUPLICATE_METHOD_MATCH = YES;
				COPY_PHASE_STRIP = NO;
				DEBUG_INFORMATION_FORMAT = dwarf;
				ENABLE_STRICT_OBJC_MSGSEND = YES;
				ENABLE_TESTABILITY = YES;
				GCC_C_LANGUAGE_STANDARD = gnu11;
				GCC_DYNAMIC_NO_PIC = NO;
				GCC_NO_COMMON_BLOCKS = YES;
				GCC_OPTIMIZATION_LEVEL = 0;
				GCC_PREPROCESSOR_DEFINITIONS = (
					"DEBUG=1",
					"$(inherited)",
				);
				GCC_WARN_64_TO_32_BIT_CONVERSION = YES;
				GCC_WARN_ABOUT_RETURN_TYPE = YES_ERROR;
				GCC_WARN_UNDECLARED_SELECTOR = YES;
				GCC_WARN_UNINITIALIZED_AUTOS = YES_AGGRESSIVE;
				GCC_WARN_UNUSED_FUNCTION = YES;
				GCC_WARN_UNUSED_VARIABLE = YES;
				IPHONEOS_DEPLOYMENT_TARGET = 15.0;
				MTL_ENABLE_DEBUG_INFO = INCLUDE_SOURCE;
				MTL_FAST_MATH = YES;
				ONLY_ACTIVE_ARCH = YES;
				SDKROOT = iphoneos;
				SWIFT_ACTIVE_COMPILATION_CONDITIONS = DEBUG;
				SWIFT_OPTIMIZATION_LEVEL = "-Onone";
			};
			name = Debug;
		};
		EE7D7995277854BF007457AA /* Release */ = {
			isa = XCBuildConfiguration;
			buildSettings = {
				ALWAYS_SEARCH_USER_PATHS = NO;
				CLANG_ANALYZER_NONNULL = YES;
				CLANG_ANALYZER_NUMBER_OBJECT_CONVERSION = YES_AGGRESSIVE;
				CLANG_CXX_LANGUAGE_STANDARD = "gnu++17";
				CLANG_CXX_LIBRARY = "libc++";
				CLANG_ENABLE_MODULES = YES;
				CLANG_ENABLE_OBJC_ARC = YES;
				CLANG_ENABLE_OBJC_WEAK = YES;
				CLANG_WARN_BLOCK_CAPTURE_AUTORELEASING = YES;
				CLANG_WARN_BOOL_CONVERSION = YES;
				CLANG_WARN_COMMA = YES;
				CLANG_WARN_CONSTANT_CONVERSION = YES;
				CLANG_WARN_DEPRECATED_OBJC_IMPLEMENTATIONS = YES;
				CLANG_WARN_DIRECT_OBJC_ISA_USAGE = YES_ERROR;
				CLANG_WARN_DOCUMENTATION_COMMENTS = YES;
				CLANG_WARN_EMPTY_BODY = YES;
				CLANG_WARN_ENUM_CONVERSION = YES;
				CLANG_WARN_INFINITE_RECURSION = YES;
				CLANG_WARN_INT_CONVERSION = YES;
				CLANG_WARN_NON_LITERAL_NULL_CONVERSION = YES;
				CLANG_WARN_OBJC_IMPLICIT_RETAIN_SELF = YES;
				CLANG_WARN_OBJC_LITERAL_CONVERSION = YES;
				CLANG_WARN_OBJC_ROOT_CLASS = YES_ERROR;
				CLANG_WARN_QUOTED_INCLUDE_IN_FRAMEWORK_HEADER = YES;
				CLANG_WARN_RANGE_LOOP_ANALYSIS = YES;
				CLANG_WARN_STRICT_PROTOTYPES = YES;
				CLANG_WARN_SUSPICIOUS_MOVE = YES;
				CLANG_WARN_UNGUARDED_AVAILABILITY = YES_AGGRESSIVE;
				CLANG_WARN_UNREACHABLE_CODE = YES;
				CLANG_WARN__DUPLICATE_METHOD_MATCH = YES;
				COPY_PHASE_STRIP = NO;
				DEBUG_INFORMATION_FORMAT = "dwarf-with-dsym";
				ENABLE_NS_ASSERTIONS = NO;
				ENABLE_STRICT_OBJC_MSGSEND = YES;
				GCC_C_LANGUAGE_STANDARD = gnu11;
				GCC_NO_COMMON_BLOCKS = YES;
				GCC_WARN_64_TO_32_BIT_CONVERSION = YES;
				GCC_WARN_ABOUT_RETURN_TYPE = YES_ERROR;
				GCC_WARN_UNDECLARED_SELECTOR = YES;
				GCC_WARN_UNINITIALIZED_AUTOS = YES_AGGRESSIVE;
				GCC_WARN_UNUSED_FUNCTION = YES;
				GCC_WARN_UNUSED_VARIABLE = YES;
				IPHONEOS_DEPLOYMENT_TARGET = 15.0;
				MTL_ENABLE_DEBUG_INFO = NO;
				MTL_FAST_MATH = YES;
				SDKROOT = iphoneos;
				SWIFT_COMPILATION_MODE = wholemodule;
				SWIFT_OPTIMIZATION_LEVEL = "-O";
				VALIDATE_PRODUCT = YES;
			};
			name = Release;
		};
		EE7D7997277854BF007457AA /* Debug */ = {
			isa = XCBuildConfiguration;
			buildSettings = {
				ASSETCATALOG_COMPILER_APPICON_NAME = AppIcon;
				ASSETCATALOG_COMPILER_GLOBAL_ACCENT_COLOR_NAME = AccentColor;
				CODE_SIGN_STYLE = Automatic;
				CURRENT_PROJECT_VERSION = 1;
				DEVELOPMENT_ASSET_PATHS = "\"GitHubReposViewer/Preview Content\"";
				ENABLE_PREVIEWS = YES;
				GENERATE_INFOPLIST_FILE = YES;
				INFOPLIST_FILE = GitHubReposViewer/Info.plist;
				INFOPLIST_KEY_UIApplicationSceneManifest_Generation = YES;
				INFOPLIST_KEY_UIApplicationSupportsIndirectInputEvents = YES;
				INFOPLIST_KEY_UILaunchScreen_Generation = YES;
				INFOPLIST_KEY_UISupportedInterfaceOrientations_iPad = "UIInterfaceOrientationPortrait UIInterfaceOrientationPortraitUpsideDown UIInterfaceOrientationLandscapeLeft UIInterfaceOrientationLandscapeRight";
				INFOPLIST_KEY_UISupportedInterfaceOrientations_iPhone = "UIInterfaceOrientationPortrait UIInterfaceOrientationLandscapeLeft UIInterfaceOrientationLandscapeRight";
				IPHONEOS_DEPLOYMENT_TARGET = 14.0;
				LD_RUNPATH_SEARCH_PATHS = (
					"$(inherited)",
					"@executable_path/Frameworks",
				);
				MARKETING_VERSION = 1.0;
				PRODUCT_BUNDLE_IDENTIFIER = sz.GitHubReposViewer;
				PRODUCT_NAME = "$(TARGET_NAME)";
				SWIFT_EMIT_LOC_STRINGS = YES;
				SWIFT_VERSION = 5.0;
				TARGETED_DEVICE_FAMILY = "1,2";
			};
			name = Debug;
		};
		EE7D7998277854BF007457AA /* Release */ = {
			isa = XCBuildConfiguration;
			buildSettings = {
				ASSETCATALOG_COMPILER_APPICON_NAME = AppIcon;
				ASSETCATALOG_COMPILER_GLOBAL_ACCENT_COLOR_NAME = AccentColor;
				CODE_SIGN_STYLE = Automatic;
				CURRENT_PROJECT_VERSION = 1;
				DEVELOPMENT_ASSET_PATHS = "\"GitHubReposViewer/Preview Content\"";
				ENABLE_PREVIEWS = YES;
				GENERATE_INFOPLIST_FILE = YES;
				INFOPLIST_FILE = GitHubReposViewer/Info.plist;
				INFOPLIST_KEY_UIApplicationSceneManifest_Generation = YES;
				INFOPLIST_KEY_UIApplicationSupportsIndirectInputEvents = YES;
				INFOPLIST_KEY_UILaunchScreen_Generation = YES;
				INFOPLIST_KEY_UISupportedInterfaceOrientations_iPad = "UIInterfaceOrientationPortrait UIInterfaceOrientationPortraitUpsideDown UIInterfaceOrientationLandscapeLeft UIInterfaceOrientationLandscapeRight";
				INFOPLIST_KEY_UISupportedInterfaceOrientations_iPhone = "UIInterfaceOrientationPortrait UIInterfaceOrientationLandscapeLeft UIInterfaceOrientationLandscapeRight";
				IPHONEOS_DEPLOYMENT_TARGET = 14.0;
				LD_RUNPATH_SEARCH_PATHS = (
					"$(inherited)",
					"@executable_path/Frameworks",
				);
				MARKETING_VERSION = 1.0;
				PRODUCT_BUNDLE_IDENTIFIER = sz.GitHubReposViewer;
				PRODUCT_NAME = "$(TARGET_NAME)";
				SWIFT_EMIT_LOC_STRINGS = YES;
				SWIFT_VERSION = 5.0;
				TARGETED_DEVICE_FAMILY = "1,2";
			};
			name = Release;
		};
/* End XCBuildConfiguration section */

/* Begin XCConfigurationList section */
		EE7D7983277854BB007457AA /* Build configuration list for PBXProject "GitHubReposViewer" */ = {
			isa = XCConfigurationList;
			buildConfigurations = (
				EE7D7994277854BF007457AA /* Debug */,
				EE7D7995277854BF007457AA /* Release */,
			);
			defaultConfigurationIsVisible = 0;
			defaultConfigurationName = Release;
		};
		EE7D7996277854BF007457AA /* Build configuration list for PBXNativeTarget "GitHubReposViewer" */ = {
			isa = XCConfigurationList;
			buildConfigurations = (
				EE7D7997277854BF007457AA /* Debug */,
				EE7D7998277854BF007457AA /* Release */,
			);
			defaultConfigurationIsVisible = 0;
			defaultConfigurationName = Release;
		};
/* End XCConfigurationList section */
	};
	rootObject = EE7D7980277854BB007457AA /* Project object */;
}
