// !$*UTF8*$!
{
	archiveVersion = 1;
	classes = {
	};
	objectVersion = 55;
	objects = {

/* Begin PBXBuildFile section */
		EE7D798C277854BB007457AA /* GitHubReposViewerApp.swift in Sources */ = {isa = PBXBuildFile; fileRef = EE7D798B277854BB007457AA /* GitHubReposViewerApp.swift */; };
		EE7D798E277854BB007457AA /* ContentView.swift in Sources */ = {isa = PBXBuildFile; fileRef = EE7D798D277854BB007457AA /* ContentView.swift */; };
		EE7D7990277854BF007457AA /* Assets.xcassets in Resources */ = {isa = PBXBuildFile; fileRef = EE7D798F277854BF007457AA /* Assets.xcassets */; };
		EE7D7993277854BF007457AA /* Preview Assets.xcassets in Resources */ = {isa = PBXBuildFile; fileRef = EE7D7992277854BF007457AA /* Preview Assets.xcassets */; };
		EE7D799C27785511007457AA /* LoginView.swift in Sources */ = {isa = PBXBuildFile; fileRef = EE7D799B27785511007457AA /* LoginView.swift */; };
		EE7D799E2778567F007457AA /* GitHubLoginButton.swift in Sources */ = {isa = PBXBuildFile; fileRef = EE7D799D2778567F007457AA /* GitHubLoginButton.swift */; };
		EE7D79A2277859AA007457AA /* WebAuthenticationPresentationModifier.swift in Sources */ = {isa = PBXBuildFile; fileRef = EE7D79A1277859AA007457AA /* WebAuthenticationPresentationModifier.swift */; };
		EE7D79A4277859B0007457AA /* WebAuthenticationPresenter.swift in Sources */ = {isa = PBXBuildFile; fileRef = EE7D79A3277859B0007457AA /* WebAuthenticationPresenter.swift */; };
		EE7D79A6277859B6007457AA /* WebAuthenticationSession.swift in Sources */ = {isa = PBXBuildFile; fileRef = EE7D79A5277859B6007457AA /* WebAuthenticationSession.swift */; };
		EE7D79A827785E90007457AA /* WebAuthenticationExtensions.swift in Sources */ = {isa = PBXBuildFile; fileRef = EE7D79A727785E90007457AA /* WebAuthenticationExtensions.swift */; };
		EE7D79AE2778B14D007457AA /* EndpointProtocol.swift in Sources */ = {isa = PBXBuildFile; fileRef = EE7D79AD2778B14D007457AA /* EndpointProtocol.swift */; };
		EE7D79B02778B1A8007457AA /* Router.swift in Sources */ = {isa = PBXBuildFile; fileRef = EE7D79AF2778B1A8007457AA /* Router.swift */; };
		EE7D79B22778B246007457AA /* Environment.swift in Sources */ = {isa = PBXBuildFile; fileRef = EE7D79B12778B246007457AA /* Environment.swift */; };
		EE7D79B92778B3D7007457AA /* AuthServiceProvider.swift in Sources */ = {isa = PBXBuildFile; fileRef = EE7D79B82778B3D7007457AA /* AuthServiceProvider.swift */; };
		EE7D79BB2778B44E007457AA /* ServiceProviderProtocol.swift in Sources */ = {isa = PBXBuildFile; fileRef = EE7D79BA2778B44E007457AA /* ServiceProviderProtocol.swift */; };
		EE7D79BE2778B4A1007457AA /* AuthWebService.swift in Sources */ = {isa = PBXBuildFile; fileRef = EE7D79BD2778B4A1007457AA /* AuthWebService.swift */; };
		EE7D79C02778B4B8007457AA /* AuthMockService.swift in Sources */ = {isa = PBXBuildFile; fileRef = EE7D79BF2778B4B8007457AA /* AuthMockService.swift */; };
		EE7D79C22778B4CD007457AA /* AuthEndpoint.swift in Sources */ = {isa = PBXBuildFile; fileRef = EE7D79C12778B4CD007457AA /* AuthEndpoint.swift */; };
		EE7D79C42778B5D0007457AA /* LoginViewModel.swift in Sources */ = {isa = PBXBuildFile; fileRef = EE7D79C32778B5D0007457AA /* LoginViewModel.swift */; };
		EE7D79C62778C20E007457AA /* EnumAssociated.swift in Sources */ = {isa = PBXBuildFile; fileRef = EE7D79C52778C20E007457AA /* EnumAssociated.swift */; };
		EE7D79C92778C412007457AA /* LoginError.swift in Sources */ = {isa = PBXBuildFile; fileRef = EE7D79C82778C412007457AA /* LoginError.swift */; };
		EE7D79CC2778C7AC007457AA /* ActivityIndicatorViewModifier.swift in Sources */ = {isa = PBXBuildFile; fileRef = EE7D79CB2778C7AC007457AA /* ActivityIndicatorViewModifier.swift */; };
		EE7D79CF2778C816007457AA /* BlurViewRepresentation.swift in Sources */ = {isa = PBXBuildFile; fileRef = EE7D79CE2778C816007457AA /* BlurViewRepresentation.swift */; };
		EE7D79D22778C84A007457AA /* ActivityIndicatorView.swift in Sources */ = {isa = PBXBuildFile; fileRef = EE7D79D12778C84A007457AA /* ActivityIndicatorView.swift */; };
		EE7D79D627791B49007457AA /* AccessTokenResponse.swift in Sources */ = {isa = PBXBuildFile; fileRef = EE7D79D527791B49007457AA /* AccessTokenResponse.swift */; };
		EE7D79D92779B9E7007457AA /* SessionManager.swift in Sources */ = {isa = PBXBuildFile; fileRef = EE7D79D82779B9E6007457AA /* SessionManager.swift */; };
		EE7D79DB2779BA02007457AA /* UserDefaultsConfig.swift in Sources */ = {isa = PBXBuildFile; fileRef = EE7D79DA2779BA02007457AA /* UserDefaultsConfig.swift */; };
		EE7D79DE2779BE07007457AA /* TabBarView.swift in Sources */ = {isa = PBXBuildFile; fileRef = EE7D79DD2779BE07007457AA /* TabBarView.swift */; };
		EE7D79E12779C141007457AA /* ProfileView.swift in Sources */ = {isa = PBXBuildFile; fileRef = EE7D79E02779C141007457AA /* ProfileView.swift */; };
		EE7D79E52779C402007457AA /* RepositoriesView.swift in Sources */ = {isa = PBXBuildFile; fileRef = EE7D79E42779C402007457AA /* RepositoriesView.swift */; };
		EE7D79E72779C40D007457AA /* HistoryView.swift in Sources */ = {isa = PBXBuildFile; fileRef = EE7D79E62779C40D007457AA /* HistoryView.swift */; };
		EE7D79E92779CD5F007457AA /* RepositoriesViewModel.swift in Sources */ = {isa = PBXBuildFile; fileRef = EE7D79E82779CD5F007457AA /* RepositoriesViewModel.swift */; };
		EE7D79EC2779EB72007457AA /* Repository.swift in Sources */ = {isa = PBXBuildFile; fileRef = EE7D79EB2779EB71007457AA /* Repository.swift */; };
		EE7D79EE2779EC4C007457AA /* RepositoriesServiceProvider.swift in Sources */ = {isa = PBXBuildFile; fileRef = EE7D79ED2779EC4C007457AA /* RepositoriesServiceProvider.swift */; };
		EE7D79F12779EC92007457AA /* RepositoriesEndpoint.swift in Sources */ = {isa = PBXBuildFile; fileRef = EE7D79F02779EC92007457AA /* RepositoriesEndpoint.swift */; };
		EE7D79F32779EE46007457AA /* RepositoriesWebService.swift in Sources */ = {isa = PBXBuildFile; fileRef = EE7D79F22779EE46007457AA /* RepositoriesWebService.swift */; };
		EE7D79F52779EE6C007457AA /* RepositoriesMockService.swift in Sources */ = {isa = PBXBuildFile; fileRef = EE7D79F42779EE6C007457AA /* RepositoriesMockService.swift */; };
		EE7D79F72779F124007457AA /* RepositoriesResponse.swift in Sources */ = {isa = PBXBuildFile; fileRef = EE7D79F62779F124007457AA /* RepositoriesResponse.swift */; };
		EE7D79F9277A1A9A007457AA /* RepositoriesListRow.swift in Sources */ = {isa = PBXBuildFile; fileRef = EE7D79F8277A1A9A007457AA /* RepositoriesListRow.swift */; };
		EE7D79FB277A1FCB007457AA /* Pagination.swift in Sources */ = {isa = PBXBuildFile; fileRef = EE7D79FA277A1FCB007457AA /* Pagination.swift */; };
		EE7D79FD277A2B7E007457AA /* HistoryDataStorage.swift in Sources */ = {isa = PBXBuildFile; fileRef = EE7D79FC277A2B7E007457AA /* HistoryDataStorage.swift */; };
		EE7D79FF277A303F007457AA /* EmptyDataViewModifier.swift in Sources */ = {isa = PBXBuildFile; fileRef = EE7D79FE277A303F007457AA /* EmptyDataViewModifier.swift */; };
/* End PBXBuildFile section */

/* Begin PBXFileReference section */
		EE7D7988277854BB007457AA /* GitHubReposViewer.app */ = {isa = PBXFileReference; explicitFileType = wrapper.application; includeInIndex = 0; path = GitHubReposViewer.app; sourceTree = BUILT_PRODUCTS_DIR; };
		EE7D798B277854BB007457AA /* GitHubReposViewerApp.swift */ = {isa = PBXFileReference; lastKnownFileType = sourcecode.swift; path = GitHubReposViewerApp.swift; sourceTree = "<group>"; };
		EE7D798D277854BB007457AA /* ContentView.swift */ = {isa = PBXFileReference; lastKnownFileType = sourcecode.swift; path = ContentView.swift; sourceTree = "<group>"; };
		EE7D798F277854BF007457AA /* Assets.xcassets */ = {isa = PBXFileReference; lastKnownFileType = folder.assetcatalog; path = Assets.xcassets; sourceTree = "<group>"; };
		EE7D7992277854BF007457AA /* Preview Assets.xcassets */ = {isa = PBXFileReference; lastKnownFileType = folder.assetcatalog; path = "Preview Assets.xcassets"; sourceTree = "<group>"; };
		EE7D799B27785511007457AA /* LoginView.swift */ = {isa = PBXFileReference; lastKnownFileType = sourcecode.swift; path = LoginView.swift; sourceTree = "<group>"; };
		EE7D799D2778567F007457AA /* GitHubLoginButton.swift */ = {isa = PBXFileReference; lastKnownFileType = sourcecode.swift; path = GitHubLoginButton.swift; sourceTree = "<group>"; };
		EE7D79A1277859AA007457AA /* WebAuthenticationPresentationModifier.swift */ = {isa = PBXFileReference; fileEncoding = 4; lastKnownFileType = sourcecode.swift; path = WebAuthenticationPresentationModifier.swift; sourceTree = "<group>"; };
		EE7D79A3277859B0007457AA /* WebAuthenticationPresenter.swift */ = {isa = PBXFileReference; fileEncoding = 4; lastKnownFileType = sourcecode.swift; path = WebAuthenticationPresenter.swift; sourceTree = "<group>"; };
		EE7D79A5277859B6007457AA /* WebAuthenticationSession.swift */ = {isa = PBXFileReference; fileEncoding = 4; lastKnownFileType = sourcecode.swift; path = WebAuthenticationSession.swift; sourceTree = "<group>"; };
		EE7D79A727785E90007457AA /* WebAuthenticationExtensions.swift */ = {isa = PBXFileReference; lastKnownFileType = sourcecode.swift; path = WebAuthenticationExtensions.swift; sourceTree = "<group>"; };
		EE7D79A9277873E3007457AA /* Info.plist */ = {isa = PBXFileReference; lastKnownFileType = text.plist; path = Info.plist; sourceTree = "<group>"; };
		EE7D79AD2778B14D007457AA /* EndpointProtocol.swift */ = {isa = PBXFileReference; lastKnownFileType = sourcecode.swift; path = EndpointProtocol.swift; sourceTree = "<group>"; };
		EE7D79AF2778B1A8007457AA /* Router.swift */ = {isa = PBXFileReference; lastKnownFileType = sourcecode.swift; path = Router.swift; sourceTree = "<group>"; };
		EE7D79B12778B246007457AA /* Environment.swift */ = {isa = PBXFileReference; lastKnownFileType = sourcecode.swift; path = Environment.swift; sourceTree = "<group>"; };
		EE7D79B82778B3D7007457AA /* AuthServiceProvider.swift */ = {isa = PBXFileReference; lastKnownFileType = sourcecode.swift; path = AuthServiceProvider.swift; sourceTree = "<group>"; };
		EE7D79BA2778B44E007457AA /* ServiceProviderProtocol.swift */ = {isa = PBXFileReference; lastKnownFileType = sourcecode.swift; path = ServiceProviderProtocol.swift; sourceTree = "<group>"; };
		EE7D79BD2778B4A1007457AA /* AuthWebService.swift */ = {isa = PBXFileReference; lastKnownFileType = sourcecode.swift; path = AuthWebService.swift; sourceTree = "<group>"; };
		EE7D79BF2778B4B8007457AA /* AuthMockService.swift */ = {isa = PBXFileReference; lastKnownFileType = sourcecode.swift; path = AuthMockService.swift; sourceTree = "<group>"; };
		EE7D79C12778B4CD007457AA /* AuthEndpoint.swift */ = {isa = PBXFileReference; lastKnownFileType = sourcecode.swift; path = AuthEndpoint.swift; sourceTree = "<group>"; };
		EE7D79C32778B5D0007457AA /* LoginViewModel.swift */ = {isa = PBXFileReference; lastKnownFileType = sourcecode.swift; path = LoginViewModel.swift; sourceTree = "<group>"; };
		EE7D79C52778C20E007457AA /* EnumAssociated.swift */ = {isa = PBXFileReference; lastKnownFileType = sourcecode.swift; path = EnumAssociated.swift; sourceTree = "<group>"; };
		EE7D79C82778C412007457AA /* LoginError.swift */ = {isa = PBXFileReference; lastKnownFileType = sourcecode.swift; path = LoginError.swift; sourceTree = "<group>"; };
		EE7D79CB2778C7AC007457AA /* ActivityIndicatorViewModifier.swift */ = {isa = PBXFileReference; lastKnownFileType = sourcecode.swift; path = ActivityIndicatorViewModifier.swift; sourceTree = "<group>"; };
		EE7D79CE2778C816007457AA /* BlurViewRepresentation.swift */ = {isa = PBXFileReference; lastKnownFileType = sourcecode.swift; path = BlurViewRepresentation.swift; sourceTree = "<group>"; };
		EE7D79D12778C84A007457AA /* ActivityIndicatorView.swift */ = {isa = PBXFileReference; lastKnownFileType = sourcecode.swift; path = ActivityIndicatorView.swift; sourceTree = "<group>"; };
		EE7D79D527791B49007457AA /* AccessTokenResponse.swift */ = {isa = PBXFileReference; lastKnownFileType = sourcecode.swift; path = AccessTokenResponse.swift; sourceTree = "<group>"; };
		EE7D79D82779B9E6007457AA /* SessionManager.swift */ = {isa = PBXFileReference; lastKnownFileType = sourcecode.swift; path = SessionManager.swift; sourceTree = "<group>"; };
		EE7D79DA2779BA02007457AA /* UserDefaultsConfig.swift */ = {isa = PBXFileReference; lastKnownFileType = sourcecode.swift; path = UserDefaultsConfig.swift; sourceTree = "<group>"; };
		EE7D79DD2779BE07007457AA /* TabBarView.swift */ = {isa = PBXFileReference; lastKnownFileType = sourcecode.swift; path = TabBarView.swift; sourceTree = "<group>"; };
		EE7D79E02779C141007457AA /* ProfileView.swift */ = {isa = PBXFileReference; lastKnownFileType = sourcecode.swift; path = ProfileView.swift; sourceTree = "<group>"; };
		EE7D79E42779C402007457AA /* RepositoriesView.swift */ = {isa = PBXFileReference; lastKnownFileType = sourcecode.swift; path = RepositoriesView.swift; sourceTree = "<group>"; };
		EE7D79E62779C40D007457AA /* HistoryView.swift */ = {isa = PBXFileReference; lastKnownFileType = sourcecode.swift; path = HistoryView.swift; sourceTree = "<group>"; };
		EE7D79E82779CD5F007457AA /* RepositoriesViewModel.swift */ = {isa = PBXFileReference; lastKnownFileType = sourcecode.swift; path = RepositoriesViewModel.swift; sourceTree = "<group>"; };
		EE7D79EB2779EB71007457AA /* Repository.swift */ = {isa = PBXFileReference; lastKnownFileType = sourcecode.swift; path = Repository.swift; sourceTree = "<group>"; };
		EE7D79ED2779EC4C007457AA /* RepositoriesServiceProvider.swift */ = {isa = PBXFileReference; lastKnownFileType = sourcecode.swift; path = RepositoriesServiceProvider.swift; sourceTree = "<group>"; };
		EE7D79F02779EC92007457AA /* RepositoriesEndpoint.swift */ = {isa = PBXFileReference; lastKnownFileType = sourcecode.swift; path = RepositoriesEndpoint.swift; sourceTree = "<group>"; };
		EE7D79F22779EE46007457AA /* RepositoriesWebService.swift */ = {isa = PBXFileReference; lastKnownFileType = sourcecode.swift; path = RepositoriesWebService.swift; sourceTree = "<group>"; };
		EE7D79F42779EE6C007457AA /* RepositoriesMockService.swift */ = {isa = PBXFileReference; lastKnownFileType = sourcecode.swift; path = RepositoriesMockService.swift; sourceTree = "<group>"; };
		EE7D79F62779F124007457AA /* RepositoriesResponse.swift */ = {isa = PBXFileReference; lastKnownFileType = sourcecode.swift; path = RepositoriesResponse.swift; sourceTree = "<group>"; };
		EE7D79F8277A1A9A007457AA /* RepositoriesListRow.swift */ = {isa = PBXFileReference; lastKnownFileType = sourcecode.swift; path = RepositoriesListRow.swift; sourceTree = "<group>"; };
		EE7D79FA277A1FCB007457AA /* Pagination.swift */ = {isa = PBXFileReference; lastKnownFileType = sourcecode.swift; path = Pagination.swift; sourceTree = "<group>"; };
		EE7D79FC277A2B7E007457AA /* HistoryDataStorage.swift */ = {isa = PBXFileReference; lastKnownFileType = sourcecode.swift; path = HistoryDataStorage.swift; sourceTree = "<group>"; };
		EE7D79FE277A303F007457AA /* EmptyDataViewModifier.swift */ = {isa = PBXFileReference; lastKnownFileType = sourcecode.swift; path = EmptyDataViewModifier.swift; sourceTree = "<group>"; };
/* End PBXFileReference section */

/* Begin PBXFrameworksBuildPhase section */
		EE7D7985277854BB007457AA /* Frameworks */ = {
			isa = PBXFrameworksBuildPhase;
			buildActionMask = 2147483647;
			files = (
			);
			runOnlyForDeploymentPostprocessing = 0;
		};
/* End PBXFrameworksBuildPhase section */

/* Begin PBXGroup section */
		EE7D797F277854BB007457AA = {
			isa = PBXGroup;
			children = (
				EE7D798A277854BB007457AA /* GitHubReposViewer */,
				EE7D7989277854BB007457AA /* Products */,
			);
			sourceTree = "<group>";
		};
		EE7D7989277854BB007457AA /* Products */ = {
			isa = PBXGroup;
			children = (
				EE7D7988277854BB007457AA /* GitHubReposViewer.app */,
			);
			name = Products;
			sourceTree = "<group>";
		};
		EE7D798A277854BB007457AA /* GitHubReposViewer */ = {
			isa = PBXGroup;
			children = (
				EE7D79D72779B9D4007457AA /* Managers */,
				EE7D79D327791B25007457AA /* Models */,
				EE7D79D02778C83C007457AA /* Views */,
				EE7D79CD2778C806007457AA /* Representations */,
				EE7D79CA2778C79C007457AA /* Modifiers */,
				EE7D79B72778B320007457AA /* Services */,
				EE7D79B62778B2F5007457AA /* ServiceProviders */,
				EE7D79AA2778AF80007457AA /* Environment */,
				EE7D79A9277873E3007457AA /* Info.plist */,
				EE7D799F27785933007457AA /* Utilities */,
				EE7D7999277854F8007457AA /* Scenes */,
				EE7D798B277854BB007457AA /* GitHubReposViewerApp.swift */,
				EE7D798D277854BB007457AA /* ContentView.swift */,
				EE7D798F277854BF007457AA /* Assets.xcassets */,
				EE7D7991277854BF007457AA /* Preview Content */,
			);
			path = GitHubReposViewer;
			sourceTree = "<group>";
		};
		EE7D7991277854BF007457AA /* Preview Content */ = {
			isa = PBXGroup;
			children = (
				EE7D7992277854BF007457AA /* Preview Assets.xcassets */,
			);
			path = "Preview Content";
			sourceTree = "<group>";
		};
		EE7D7999277854F8007457AA /* Scenes */ = {
			isa = PBXGroup;
			children = (
				EE7D79E32779C3E3007457AA /* History */,
				EE7D79E22779C3D1007457AA /* Repositories */,
				EE7D79DF2779C129007457AA /* Profile */,
				EE7D799A277854FF007457AA /* Login */,
			);
			path = Scenes;
			sourceTree = "<group>";
		};
		EE7D799A277854FF007457AA /* Login */ = {
			isa = PBXGroup;
			children = (
				EE7D799B27785511007457AA /* LoginView.swift */,
				EE7D799D2778567F007457AA /* GitHubLoginButton.swift */,
				EE7D79C32778B5D0007457AA /* LoginViewModel.swift */,
			);
			path = Login;
			sourceTree = "<group>";
		};
		EE7D799F27785933007457AA /* Utilities */ = {
			isa = PBXGroup;
			children = (
				EE7D79C72778C3C2007457AA /* ErrorTypes */,
				EE7D79A02778598E007457AA /* WebAuthontication */,
				EE7D79C52778C20E007457AA /* EnumAssociated.swift */,
				EE7D79DA2779BA02007457AA /* UserDefaultsConfig.swift */,
				EE7D79FA277A1FCB007457AA /* Pagination.swift */,
			);
			path = Utilities;
			sourceTree = "<group>";
		};
		EE7D79A02778598E007457AA /* WebAuthontication */ = {
			isa = PBXGroup;
			children = (
				EE7D79A5277859B6007457AA /* WebAuthenticationSession.swift */,
				EE7D79A3277859B0007457AA /* WebAuthenticationPresenter.swift */,
				EE7D79A1277859AA007457AA /* WebAuthenticationPresentationModifier.swift */,
				EE7D79A727785E90007457AA /* WebAuthenticationExtensions.swift */,
			);
			path = WebAuthontication;
			sourceTree = "<group>";
		};
		EE7D79AA2778AF80007457AA /* Environment */ = {
			isa = PBXGroup;
			children = (
				EE7D79AD2778B14D007457AA /* EndpointProtocol.swift */,
				EE7D79AF2778B1A8007457AA /* Router.swift */,
				EE7D79B12778B246007457AA /* Environment.swift */,
			);
			path = Environment;
			sourceTree = "<group>";
		};
		EE7D79B62778B2F5007457AA /* ServiceProviders */ = {
			isa = PBXGroup;
			children = (
				EE7D79B82778B3D7007457AA /* AuthServiceProvider.swift */,
				EE7D79BA2778B44E007457AA /* ServiceProviderProtocol.swift */,
				EE7D79ED2779EC4C007457AA /* RepositoriesServiceProvider.swift */,
			);
			path = ServiceProviders;
			sourceTree = "<group>";
		};
		EE7D79B72778B320007457AA /* Services */ = {
			isa = PBXGroup;
			children = (
				EE7D79EF2779EC7F007457AA /* RepositoriesService */,
				EE7D79BC2778B48E007457AA /* AuthService */,
			);
			path = Services;
			sourceTree = "<group>";
		};
		EE7D79BC2778B48E007457AA /* AuthService */ = {
			isa = PBXGroup;
			children = (
				EE7D79BD2778B4A1007457AA /* AuthWebService.swift */,
				EE7D79BF2778B4B8007457AA /* AuthMockService.swift */,
				EE7D79C12778B4CD007457AA /* AuthEndpoint.swift */,
			);
			path = AuthService;
			sourceTree = "<group>";
		};
		EE7D79C72778C3C2007457AA /* ErrorTypes */ = {
			isa = PBXGroup;
			children = (
				EE7D79C82778C412007457AA /* LoginError.swift */,
			);
			path = ErrorTypes;
			sourceTree = "<group>";
		};
		EE7D79CA2778C79C007457AA /* Modifiers */ = {
			isa = PBXGroup;
			children = (
				EE7D79CB2778C7AC007457AA /* ActivityIndicatorViewModifier.swift */,
				EE7D79FE277A303F007457AA /* EmptyDataViewModifier.swift */,
			);
			path = Modifiers;
			sourceTree = "<group>";
		};
		EE7D79CD2778C806007457AA /* Representations */ = {
			isa = PBXGroup;
			children = (
				EE7D79CE2778C816007457AA /* BlurViewRepresentation.swift */,
			);
			path = Representations;
			sourceTree = "<group>";
		};
		EE7D79D02778C83C007457AA /* Views */ = {
			isa = PBXGroup;
			children = (
				EE7D79DD2779BE07007457AA /* TabBarView.swift */,
				EE7D79D12778C84A007457AA /* ActivityIndicatorView.swift */,
			);
			path = Views;
			sourceTree = "<group>";
		};
		EE7D79D327791B25007457AA /* Models */ = {
			isa = PBXGroup;
			children = (
				EE7D79EA2779EADE007457AA /* Repository */,
				EE7D79D427791B31007457AA /* AccessToken */,
			);
			path = Models;
			sourceTree = "<group>";
		};
		EE7D79D427791B31007457AA /* AccessToken */ = {
			isa = PBXGroup;
			children = (
				EE7D79D527791B49007457AA /* AccessTokenResponse.swift */,
			);
			path = AccessToken;
			sourceTree = "<group>";
		};
		EE7D79D72779B9D4007457AA /* Managers */ = {
			isa = PBXGroup;
			children = (
				EE7D79D82779B9E6007457AA /* SessionManager.swift */,
				EE7D79FC277A2B7E007457AA /* HistoryDataStorage.swift */,
			);
			path = Managers;
			sourceTree = "<group>";
		};
		EE7D79DF2779C129007457AA /* Profile */ = {
			isa = PBXGroup;
			children = (
				EE7D79E02779C141007457AA /* ProfileView.swift */,
			);
			path = Profile;
			sourceTree = "<group>";
		};
		EE7D79E22779C3D1007457AA /* Repositories */ = {
			isa = PBXGroup;
			children = (
				EE7D79E42779C402007457AA /* RepositoriesView.swift */,
				EE7D79E82779CD5F007457AA /* RepositoriesViewModel.swift */,
				EE7D79F8277A1A9A007457AA /* RepositoriesListRow.swift */,
			);
			path = Repositories;
			sourceTree = "<group>";
		};
		EE7D79E32779C3E3007457AA /* History */ = {
			isa = PBXGroup;
			children = (
				EE7D79E62779C40D007457AA /* HistoryView.swift */,
			);
			path = History;
			sourceTree = "<group>";
		};
		EE7D79EA2779EADE007457AA /* Repository */ = {
			isa = PBXGroup;
			children = (
				EE7D79EB2779EB71007457AA /* Repository.swift */,
				EE7D79F62779F124007457AA /* RepositoriesResponse.swift */,
			);
			path = Repository;
			sourceTree = "<group>";
		};
		EE7D79EF2779EC7F007457AA /* RepositoriesService */ = {
			isa = PBXGroup;
			children = (
				EE7D79F02779EC92007457AA /* RepositoriesEndpoint.swift */,
				EE7D79F22779EE46007457AA /* RepositoriesWebService.swift */,
				EE7D79F42779EE6C007457AA /* RepositoriesMockService.swift */,
			);
			path = RepositoriesService;
			sourceTree = "<group>";
		};
/* End PBXGroup section */

/* Begin PBXNativeTarget section */
		EE7D7987277854BB007457AA /* GitHubReposViewer */ = {
			isa = PBXNativeTarget;
			buildConfigurationList = EE7D7996277854BF007457AA /* Build configuration list for PBXNativeTarget "GitHubReposViewer" */;
			buildPhases = (
				EE7D7984277854BB007457AA /* Sources */,
				EE7D7985277854BB007457AA /* Frameworks */,
				EE7D7986277854BB007457AA /* Resources */,
			);
			buildRules = (
			);
			dependencies = (
			);
			name = GitHubReposViewer;
			packageProductDependencies = (
			);
			productName = GitHubReposViewer;
			productReference = EE7D7988277854BB007457AA /* GitHubReposViewer.app */;
			productType = "com.apple.product-type.application";
		};
/* End PBXNativeTarget section */

/* Begin PBXProject section */
		EE7D7980277854BB007457AA /* Project object */ = {
			isa = PBXProject;
			attributes = {
				BuildIndependentTargetsInParallel = 1;
				LastSwiftUpdateCheck = 1300;
				LastUpgradeCheck = 1300;
				TargetAttributes = {
					EE7D7987277854BB007457AA = {
						CreatedOnToolsVersion = 13.0;
					};
				};
			};
			buildConfigurationList = EE7D7983277854BB007457AA /* Build configuration list for PBXProject "GitHubReposViewer" */;
			compatibilityVersion = "Xcode 13.0";
			developmentRegion = en;
			hasScannedForEncodings = 0;
			knownRegions = (
				en,
				Base,
			);
			mainGroup = EE7D797F277854BB007457AA;
			packageReferences = (
			);
			productRefGroup = EE7D7989277854BB007457AA /* Products */;
			projectDirPath = "";
			projectRoot = "";
			targets = (
				EE7D7987277854BB007457AA /* GitHubReposViewer */,
			);
		};
/* End PBXProject section */

/* Begin PBXResourcesBuildPhase section */
		EE7D7986277854BB007457AA /* Resources */ = {
			isa = PBXResourcesBuildPhase;
			buildActionMask = 2147483647;
			files = (
				EE7D7993277854BF007457AA /* Preview Assets.xcassets in Resources */,
				EE7D7990277854BF007457AA /* Assets.xcassets in Resources */,
			);
			runOnlyForDeploymentPostprocessing = 0;
		};
/* End PBXResourcesBuildPhase section */

/* Begin PBXSourcesBuildPhase section */
		EE7D7984277854BB007457AA /* Sources */ = {
			isa = PBXSourcesBuildPhase;
			buildActionMask = 2147483647;
			files = (
				EE7D79F52779EE6C007457AA /* RepositoriesMockService.swift in Sources */,
				EE7D79EE2779EC4C007457AA /* RepositoriesServiceProvider.swift in Sources */,
				EE7D79EC2779EB72007457AA /* Repository.swift in Sources */,
				EE7D79E52779C402007457AA /* RepositoriesView.swift in Sources */,
				EE7D79C22778B4CD007457AA /* AuthEndpoint.swift in Sources */,
				EE7D79E12779C141007457AA /* ProfileView.swift in Sources */,
				EE7D79FD277A2B7E007457AA /* HistoryDataStorage.swift in Sources */,
				EE7D79E72779C40D007457AA /* HistoryView.swift in Sources */,
				EE7D79C02778B4B8007457AA /* AuthMockService.swift in Sources */,
				EE7D79F72779F124007457AA /* RepositoriesResponse.swift in Sources */,
				EE7D79DE2779BE07007457AA /* TabBarView.swift in Sources */,
				EE7D799C27785511007457AA /* LoginView.swift in Sources */,
				EE7D79FB277A1FCB007457AA /* Pagination.swift in Sources */,
				EE7D79F9277A1A9A007457AA /* RepositoriesListRow.swift in Sources */,
				EE7D798E277854BB007457AA /* ContentView.swift in Sources */,
				EE7D79C92778C412007457AA /* LoginError.swift in Sources */,
				EE7D79C62778C20E007457AA /* EnumAssociated.swift in Sources */,
				EE7D79F12779EC92007457AA /* RepositoriesEndpoint.swift in Sources */,
				EE7D79DB2779BA02007457AA /* UserDefaultsConfig.swift in Sources */,
				EE7D79B92778B3D7007457AA /* AuthServiceProvider.swift in Sources */,
				EE7D79B02778B1A8007457AA /* Router.swift in Sources */,
				EE7D79A2277859AA007457AA /* WebAuthenticationPresentationModifier.swift in Sources */,
				EE7D79AE2778B14D007457AA /* EndpointProtocol.swift in Sources */,
				EE7D79F32779EE46007457AA /* RepositoriesWebService.swift in Sources */,
				EE7D79D627791B49007457AA /* AccessTokenResponse.swift in Sources */,
				EE7D79BE2778B4A1007457AA /* AuthWebService.swift in Sources */,
				EE7D799E2778567F007457AA /* GitHubLoginButton.swift in Sources */,
				EE7D79C42778B5D0007457AA /* LoginViewModel.swift in Sources */,
				EE7D79D92779B9E7007457AA /* SessionManager.swift in Sources */,
				EE7D79A4277859B0007457AA /* WebAuthenticationPresenter.swift in Sources */,
				EE7D79B22778B246007457AA /* Environment.swift in Sources */,
				EE7D798C277854BB007457AA /* GitHubReposViewerApp.swift in Sources */,
				EE7D79BB2778B44E007457AA /* ServiceProviderProtocol.swift in Sources */,
				EE7D79FF277A303F007457AA /* EmptyDataViewModifier.swift in Sources */,
				EE7D79D22778C84A007457AA /* ActivityIndicatorView.swift in Sources */,
				EE7D79A827785E90007457AA /* WebAuthenticationExtensions.swift in Sources */,
				EE7D79CC2778C7AC007457AA /* ActivityIndicatorViewModifier.swift in Sources */,
				EE7D79A6277859B6007457AA /* WebAuthenticationSession.swift in Sources */,
				EE7D79E92779CD5F007457AA /* RepositoriesViewModel.swift in Sources */,
				EE7D79CF2778C816007457AA /* BlurViewRepresentation.swift in Sources */,
			);
			runOnlyForDeploymentPostprocessing = 0;
		};
/* End PBXSourcesBuildPhase section */

/* Begin XCBuildConfiguration section */
		EE7D7994277854BF007457AA /* Debug */ = {
			isa = XCBuildConfiguration;
			buildSettings = {
				ALWAYS_SEARCH_USER_PATHS = NO;
				CLANG_ANALYZER_NONNULL = YES;
				CLANG_ANALYZER_NUMBER_OBJECT_CONVERSION = YES_AGGRESSIVE;
				CLANG_CXX_LANGUAGE_STANDARD = "gnu++17";
				CLANG_CXX_LIBRARY = "libc++";
				CLANG_ENABLE_MODULES = YES;
				CLANG_ENABLE_OBJC_ARC = YES;
				CLANG_ENABLE_OBJC_WEAK = YES;
				CLANG_WARN_BLOCK_CAPTURE_AUTORELEASING = YES;
				CLANG_WARN_BOOL_CONVERSION = YES;
				CLANG_WARN_COMMA = YES;
				CLANG_WARN_CONSTANT_CONVERSION = YES;
				CLANG_WARN_DEPRECATED_OBJC_IMPLEMENTATIONS = YES;
				CLANG_WARN_DIRECT_OBJC_ISA_USAGE = YES_ERROR;
				CLANG_WARN_DOCUMENTATION_COMMENTS = YES;
				CLANG_WARN_EMPTY_BODY = YES;
				CLANG_WARN_ENUM_CONVERSION = YES;
				CLANG_WARN_INFINITE_RECURSION = YES;
				CLANG_WARN_INT_CONVERSION = YES;
				CLANG_WARN_NON_LITERAL_NULL_CONVERSION = YES;
				CLANG_WARN_OBJC_IMPLICIT_RETAIN_SELF = YES;
				CLANG_WARN_OBJC_LITERAL_CONVERSION = YES;
				CLANG_WARN_OBJC_ROOT_CLASS = YES_ERROR;
				CLANG_WARN_QUOTED_INCLUDE_IN_FRAMEWORK_HEADER = YES;
				CLANG_WARN_RANGE_LOOP_ANALYSIS = YES;
				CLANG_WARN_STRICT_PROTOTYPES = YES;
				CLANG_WARN_SUSPICIOUS_MOVE = YES;
				CLANG_WARN_UNGUARDED_AVAILABILITY = YES_AGGRESSIVE;
				CLANG_WARN_UNREACHABLE_CODE = YES;
				CLANG_WARN__DUPLICATE_METHOD_MATCH = YES;
				COPY_PHASE_STRIP = NO;
				DEBUG_INFORMATION_FORMAT = dwarf;
				ENABLE_STRICT_OBJC_MSGSEND = YES;
				ENABLE_TESTABILITY = YES;
				GCC_C_LANGUAGE_STANDARD = gnu11;
				GCC_DYNAMIC_NO_PIC = NO;
				GCC_NO_COMMON_BLOCKS = YES;
				GCC_OPTIMIZATION_LEVEL = 0;
				GCC_PREPROCESSOR_DEFINITIONS = (
					"DEBUG=1",
					"$(inherited)",
				);
				GCC_WARN_64_TO_32_BIT_CONVERSION = YES;
				GCC_WARN_ABOUT_RETURN_TYPE = YES_ERROR;
				GCC_WARN_UNDECLARED_SELECTOR = YES;
				GCC_WARN_UNINITIALIZED_AUTOS = YES_AGGRESSIVE;
				GCC_WARN_UNUSED_FUNCTION = YES;
				GCC_WARN_UNUSED_VARIABLE = YES;
				IPHONEOS_DEPLOYMENT_TARGET = 15.0;
				MTL_ENABLE_DEBUG_INFO = INCLUDE_SOURCE;
				MTL_FAST_MATH = YES;
				ONLY_ACTIVE_ARCH = YES;
				SDKROOT = iphoneos;
				SWIFT_ACTIVE_COMPILATION_CONDITIONS = DEBUG;
				SWIFT_OPTIMIZATION_LEVEL = "-Onone";
			};
			name = Debug;
		};
		EE7D7995277854BF007457AA /* Release */ = {
			isa = XCBuildConfiguration;
			buildSettings = {
				ALWAYS_SEARCH_USER_PATHS = NO;
				CLANG_ANALYZER_NONNULL = YES;
				CLANG_ANALYZER_NUMBER_OBJECT_CONVERSION = YES_AGGRESSIVE;
				CLANG_CXX_LANGUAGE_STANDARD = "gnu++17";
				CLANG_CXX_LIBRARY = "libc++";
				CLANG_ENABLE_MODULES = YES;
				CLANG_ENABLE_OBJC_ARC = YES;
				CLANG_ENABLE_OBJC_WEAK = YES;
				CLANG_WARN_BLOCK_CAPTURE_AUTORELEASING = YES;
				CLANG_WARN_BOOL_CONVERSION = YES;
				CLANG_WARN_COMMA = YES;
				CLANG_WARN_CONSTANT_CONVERSION = YES;
				CLANG_WARN_DEPRECATED_OBJC_IMPLEMENTATIONS = YES;
				CLANG_WARN_DIRECT_OBJC_ISA_USAGE = YES_ERROR;
				CLANG_WARN_DOCUMENTATION_COMMENTS = YES;
				CLANG_WARN_EMPTY_BODY = YES;
				CLANG_WARN_ENUM_CONVERSION = YES;
				CLANG_WARN_INFINITE_RECURSION = YES;
				CLANG_WARN_INT_CONVERSION = YES;
				CLANG_WARN_NON_LITERAL_NULL_CONVERSION = YES;
				CLANG_WARN_OBJC_IMPLICIT_RETAIN_SELF = YES;
				CLANG_WARN_OBJC_LITERAL_CONVERSION = YES;
				CLANG_WARN_OBJC_ROOT_CLASS = YES_ERROR;
				CLANG_WARN_QUOTED_INCLUDE_IN_FRAMEWORK_HEADER = YES;
				CLANG_WARN_RANGE_LOOP_ANALYSIS = YES;
				CLANG_WARN_STRICT_PROTOTYPES = YES;
				CLANG_WARN_SUSPICIOUS_MOVE = YES;
				CLANG_WARN_UNGUARDED_AVAILABILITY = YES_AGGRESSIVE;
				CLANG_WARN_UNREACHABLE_CODE = YES;
				CLANG_WARN__DUPLICATE_METHOD_MATCH = YES;
				COPY_PHASE_STRIP = NO;
				DEBUG_INFORMATION_FORMAT = "dwarf-with-dsym";
				ENABLE_NS_ASSERTIONS = NO;
				ENABLE_STRICT_OBJC_MSGSEND = YES;
				GCC_C_LANGUAGE_STANDARD = gnu11;
				GCC_NO_COMMON_BLOCKS = YES;
				GCC_WARN_64_TO_32_BIT_CONVERSION = YES;
				GCC_WARN_ABOUT_RETURN_TYPE = YES_ERROR;
				GCC_WARN_UNDECLARED_SELECTOR = YES;
				GCC_WARN_UNINITIALIZED_AUTOS = YES_AGGRESSIVE;
				GCC_WARN_UNUSED_FUNCTION = YES;
				GCC_WARN_UNUSED_VARIABLE = YES;
				IPHONEOS_DEPLOYMENT_TARGET = 15.0;
				MTL_ENABLE_DEBUG_INFO = NO;
				MTL_FAST_MATH = YES;
				SDKROOT = iphoneos;
				SWIFT_COMPILATION_MODE = wholemodule;
				SWIFT_OPTIMIZATION_LEVEL = "-O";
				VALIDATE_PRODUCT = YES;
			};
			name = Release;
		};
		EE7D7997277854BF007457AA /* Debug */ = {
			isa = XCBuildConfiguration;
			buildSettings = {
				ASSETCATALOG_COMPILER_APPICON_NAME = AppIcon;
				ASSETCATALOG_COMPILER_GLOBAL_ACCENT_COLOR_NAME = AccentColor;
				CODE_SIGN_STYLE = Automatic;
				CURRENT_PROJECT_VERSION = 1;
				DEVELOPMENT_ASSET_PATHS = "\"GitHubReposViewer/Preview Content\"";
				ENABLE_PREVIEWS = YES;
				GENERATE_INFOPLIST_FILE = YES;
				INFOPLIST_FILE = GitHubReposViewer/Info.plist;
				INFOPLIST_KEY_UIApplicationSceneManifest_Generation = YES;
				INFOPLIST_KEY_UIApplicationSupportsIndirectInputEvents = YES;
				INFOPLIST_KEY_UILaunchScreen_Generation = YES;
				INFOPLIST_KEY_UISupportedInterfaceOrientations = UIInterfaceOrientationPortrait;
				INFOPLIST_KEY_UISupportedInterfaceOrientations_iPad = "UIInterfaceOrientationPortrait UIInterfaceOrientationPortraitUpsideDown UIInterfaceOrientationLandscapeLeft UIInterfaceOrientationLandscapeRight";
				INFOPLIST_KEY_UISupportedInterfaceOrientations_iPhone = "UIInterfaceOrientationPortrait UIInterfaceOrientationLandscapeLeft UIInterfaceOrientationLandscapeRight";
				IPHONEOS_DEPLOYMENT_TARGET = 15.0;
				LD_RUNPATH_SEARCH_PATHS = (
					"$(inherited)",
					"@executable_path/Frameworks",
				);
				MARKETING_VERSION = 1.0;
				PRODUCT_BUNDLE_IDENTIFIER = sz.GitHubReposViewer;
				PRODUCT_NAME = "$(TARGET_NAME)";
				SWIFT_EMIT_LOC_STRINGS = YES;
				SWIFT_VERSION = 5.0;
				TARGETED_DEVICE_FAMILY = 1;
			};
			name = Debug;
		};
		EE7D7998277854BF007457AA /* Release */ = {
			isa = XCBuildConfiguration;
			buildSettings = {
				ASSETCATALOG_COMPILER_APPICON_NAME = AppIcon;
				ASSETCATALOG_COMPILER_GLOBAL_ACCENT_COLOR_NAME = AccentColor;
				CODE_SIGN_STYLE = Automatic;
				CURRENT_PROJECT_VERSION = 1;
				DEVELOPMENT_ASSET_PATHS = "\"GitHubReposViewer/Preview Content\"";
				ENABLE_PREVIEWS = YES;
				GENERATE_INFOPLIST_FILE = YES;
				INFOPLIST_FILE = GitHubReposViewer/Info.plist;
				INFOPLIST_KEY_UIApplicationSceneManifest_Generation = YES;
				INFOPLIST_KEY_UIApplicationSupportsIndirectInputEvents = YES;
				INFOPLIST_KEY_UILaunchScreen_Generation = YES;
				INFOPLIST_KEY_UISupportedInterfaceOrientations = UIInterfaceOrientationPortrait;
				INFOPLIST_KEY_UISupportedInterfaceOrientations_iPad = "UIInterfaceOrientationPortrait UIInterfaceOrientationPortraitUpsideDown UIInterfaceOrientationLandscapeLeft UIInterfaceOrientationLandscapeRight";
				INFOPLIST_KEY_UISupportedInterfaceOrientations_iPhone = "UIInterfaceOrientationPortrait UIInterfaceOrientationLandscapeLeft UIInterfaceOrientationLandscapeRight";
				IPHONEOS_DEPLOYMENT_TARGET = 15.0;
				LD_RUNPATH_SEARCH_PATHS = (
					"$(inherited)",
					"@executable_path/Frameworks",
				);
				MARKETING_VERSION = 1.0;
				PRODUCT_BUNDLE_IDENTIFIER = sz.GitHubReposViewer;
				PRODUCT_NAME = "$(TARGET_NAME)";
				SWIFT_EMIT_LOC_STRINGS = YES;
				SWIFT_VERSION = 5.0;
				TARGETED_DEVICE_FAMILY = 1;
			};
			name = Release;
		};
/* End XCBuildConfiguration section */

/* Begin XCConfigurationList section */
		EE7D7983277854BB007457AA /* Build configuration list for PBXProject "GitHubReposViewer" */ = {
			isa = XCConfigurationList;
			buildConfigurations = (
				EE7D7994277854BF007457AA /* Debug */,
				EE7D7995277854BF007457AA /* Release */,
			);
			defaultConfigurationIsVisible = 0;
			defaultConfigurationName = Release;
		};
		EE7D7996277854BF007457AA /* Build configuration list for PBXNativeTarget "GitHubReposViewer" */ = {
			isa = XCConfigurationList;
			buildConfigurations = (
				EE7D7997277854BF007457AA /* Debug */,
				EE7D7998277854BF007457AA /* Release */,
			);
			defaultConfigurationIsVisible = 0;
			defaultConfigurationName = Release;
		};
/* End XCConfigurationList section */
	};
	rootObject = EE7D7980277854BB007457AA /* Project object */;
}
